
Microsoft Visual Studio Solution File, Format Version 12.00
# Visual Studio Version 17
VisualStudioVersion = 17.12.35527.113 d17.12
MinimumVisualStudioVersion = 10.0.40219.1
Project("{9A19103F-16F7-4668-BE54-9A1E7A4F7556}") = "phantom.Common.DataType", "phantom.Common.DataType.csproj", "{74A75574-606E-4AC1-9C56-77852AB392E2}"
EndProject
Project("{FAE04EC0-301F-11D3-BF4B-00C04F79EFBC}") = "TestProject", "..\TestProject\TestProject.csproj", "{06D8E5FD-625B-47AE-BD9E-3AB920FB1086}"
EndProject
Global
	GlobalSection(SolutionConfigurationPlatforms) = preSolution
		Debug|Any CPU = Debug|Any CPU
		Release|Any CPU = Release|Any CPU
	EndGlobalSection
	GlobalSection(ProjectConfigurationPlatforms) = postSolution
		{74A75574-606E-4AC1-9C56-77852AB392E2}.Debug|Any CPU.ActiveCfg = Debug|Any CPU
		{74A75574-606E-4AC1-9C56-77852AB392E2}.Debug|Any CPU.Build.0 = Debug|Any CPU
		{74A75574-606E-4AC1-9C56-77852AB392E2}.Release|Any CPU.ActiveCfg = Release|Any CPU
		{74A75574-606E-4AC1-9C56-77852AB392E2}.Release|Any CPU.Build.0 = Release|Any CPU
		{06D8E5FD-625B-47AE-BD9E-3AB920FB1086}.Debug|Any CPU.ActiveCfg = Debug|Any CPU
		{06D8E5FD-625B-47AE-BD9E-3AB920FB1086}.Debug|Any CPU.Build.0 = Debug|Any CPU
		{06D8E5FD-625B-47AE-BD9E-3AB920FB1086}.Release|Any CPU.ActiveCfg = Release|Any CPU
		{06D8E5FD-625B-47AE-BD9E-3AB920FB1086}.Release|Any CPU.Build.0 = Release|Any CPU
	EndGlobalSection
	GlobalSection(SolutionProperties) = preSolution
		HideSolutionNode = FALSE
	EndGlobalSection
	GlobalSection(ExtensibilityGlobals) = postSolution
		SolutionGuid = {DF5DC83D-5B87-45EC-B456-2BA9FEC15918}
	EndGlobalSection
EndGlobal
